
Microsoft Visual Studio Solution File, Format Version 12.00
# Visual Studio Version 16
VisualStudioVersion = 16.0.29926.136
MinimumVisualStudioVersion = 10.0.40219.1
Project("{8BC9CEB8-8B4A-11D0-8D11-00A0C91BC942}") = "Commiv", "Commiv.vcxproj", "{A9766141-69AA-4699-B5E7-C29AD07DE64A}"
EndProject
Global
	GlobalSection(SolutionConfigurationPlatforms) = preSolution
		Debug|x64 = Debug|x64
		Debug|x86 = Debug|x86
		Release|x64 = Release|x64
		Release|x86 = Release|x86
	EndGlobalSection
	GlobalSection(ProjectConfigurationPlatforms) = postSolution
		{A9766141-69AA-4699-B5E7-C29AD07DE64A}.Debug|x64.ActiveCfg = Debug|x64
		{A9766141-69AA-4699-B5E7-C29AD07DE64A}.Debug|x64.Build.0 = Debug|x64
		{A9766141-69AA-4699-B5E7-C29AD07DE64A}.Debug|x86.ActiveCfg = Debug|Win32
		{A9766141-69AA-4699-B5E7-C29AD07DE64A}.Debug|x86.Build.0 = Debug|Win32
		{A9766141-69AA-4699-B5E7-C29AD07DE64A}.Release|x64.ActiveCfg = Release|x64
		{A9766141-69AA-4699-B5E7-C29AD07DE64A}.Release|x64.Build.0 = Release|x64
		{A9766141-69AA-4699-B5E7-C29AD07DE64A}.Release|x86.ActiveCfg = Release|Win32
		{A9766141-69AA-4699-B5E7-C29AD07DE64A}.Release|x86.Build.0 = Release|Win32
	EndGlobalSection
	GlobalSection(SolutionProperties) = preSolution
		HideSolutionNode = FALSE
	EndGlobalSection
	GlobalSection(ExtensibilityGlobals) = postSolution
		SolutionGuid = {8F00F814-FDE1-44DB-B030-8B1CFB981004}
	EndGlobalSection
EndGlobal
